
Microsoft Visual Studio Solution File, Format Version 12.00
# Visual Studio 15
VisualStudioVersion = 15.0.28010.2019
MinimumVisualStudioVersion = 10.0.40219.1
Project("{FAE04EC0-301F-11D3-BF4B-00C04F79EFBC}") = "FIRSTVARIBEL", "FIRSTVARIBEL\FIRSTVARIBEL.csproj", "{A6776F4D-0BC0-4A6B-B3E5-205351363B46}"
EndProject
Global
	GlobalSection(SolutionConfigurationPlatforms) = preSolution
		Debug|Any CPU = Debug|Any CPU
		Release|Any CPU = Release|Any CPU
	EndGlobalSection
	GlobalSection(ProjectConfigurationPlatforms) = postSolution
		{A6776F4D-0BC0-4A6B-B3E5-205351363B46}.Debug|Any CPU.ActiveCfg = Debug|Any CPU
		{A6776F4D-0BC0-4A6B-B3E5-205351363B46}.Debug|Any CPU.Build.0 = Debug|Any CPU
		{A6776F4D-0BC0-4A6B-B3E5-205351363B46}.Release|Any CPU.ActiveCfg = Release|Any CPU
		{A6776F4D-0BC0-4A6B-B3E5-205351363B46}.Release|Any CPU.Build.0 = Release|Any CPU
	EndGlobalSection
	GlobalSection(SolutionProperties) = preSolution
		HideSolutionNode = FALSE
	EndGlobalSection
	GlobalSection(ExtensibilityGlobals) = postSolution
		SolutionGuid = {47870FD7-0415-4B50-8121-DF2C128639A0}
	EndGlobalSection
EndGlobal
